
Microsoft Visual Studio Solution File, Format Version 12.00
# Visual Studio Version 17
VisualStudioVersion = 17.11.35219.272
MinimumVisualStudioVersion = 10.0.40219.1
Project("{FAE04EC0-301F-11D3-BF4B-00C04F79EFBC}") = "DemoAssignment", "DemoAssignment.csproj", "{6B2ACE77-C623-495E-A2BA-7932D79E6309}"
EndProject
Global
	GlobalSection(SolutionConfigurationPlatforms) = preSolution
		Debug|Any CPU = Debug|Any CPU
		Release|Any CPU = Release|Any CPU
	EndGlobalSection
	GlobalSection(ProjectConfigurationPlatforms) = postSolution
		{6B2ACE77-C623-495E-A2BA-7932D79E6309}.Debug|Any CPU.ActiveCfg = Debug|Any CPU
		{6B2ACE77-C623-495E-A2BA-7932D79E6309}.Debug|Any CPU.Build.0 = Debug|Any CPU
		{6B2ACE77-C623-495E-A2BA-7932D79E6309}.Release|Any CPU.ActiveCfg = Release|Any CPU
		{6B2ACE77-C623-495E-A2BA-7932D79E6309}.Release|Any CPU.Build.0 = Release|Any CPU
	EndGlobalSection
	GlobalSection(SolutionProperties) = preSolution
		HideSolutionNode = FALSE
	EndGlobalSection
	GlobalSection(ExtensibilityGlobals) = postSolution
		SolutionGuid = {E031B63E-4203-4ABF-9A99-EB23675B865A}
	EndGlobalSection
EndGlobal
